// !$*UTF8*$!
{
	archiveVersion = 1;
	classes = {
	};
	objectVersion = 56;
	objects = {

/* Begin PBXBuildFile section */
		D31FF74F2AF206EC0038626C /* Remove.hpp in Headers */ = {isa = PBXBuildFile; fileRef = D31FF74E2AF206EC0038626C /* Remove.hpp */; };
		D31FF7532AF20A750038626C /* ALGWire.cpp in Sources */ = {isa = PBXBuildFile; fileRef = D31FF7512AF20A750038626C /* ALGWire.cpp */; };
		D31FF7542AF20A750038626C /* ALGWire.hpp in Headers */ = {isa = PBXBuildFile; fileRef = D31FF7522AF20A750038626C /* ALGWire.hpp */; };
		D31FF7582AF20AFF0038626C /* ALGPositionState.hpp in Headers */ = {isa = PBXBuildFile; fileRef = D31FF7562AF20AFF0038626C /* ALGPositionState.hpp */; };
		D31FF75C2AF20D680038626C /* Contains.hpp in Headers */ = {isa = PBXBuildFile; fileRef = D31FF75A2AF20D680038626C /* Contains.hpp */; };
		D31FF7602AF20E8B0038626C /* Equal.hpp in Headers */ = {isa = PBXBuildFile; fileRef = D31FF75E2AF20E8B0038626C /* Equal.hpp */; };
		D3635E872AF1243B0054EDB1 /* ALGSize.cpp in Sources */ = {isa = PBXBuildFile; fileRef = D3635E852AF1243B0054EDB1 /* ALGSize.cpp */; };
		D3635E882AF1243B0054EDB1 /* ALGSize.hpp in Headers */ = {isa = PBXBuildFile; fileRef = D3635E862AF1243B0054EDB1 /* ALGSize.hpp */; };
		D3635E8B2AF127C20054EDB1 /* ALGLayout.cpp in Sources */ = {isa = PBXBuildFile; fileRef = D3635E892AF127C20054EDB1 /* ALGLayout.cpp */; };
		D3635E8C2AF127C20054EDB1 /* ALGLayout.hpp in Headers */ = {isa = PBXBuildFile; fileRef = D3635E8A2AF127C20054EDB1 /* ALGLayout.hpp */; };
		D3635E8F2AF12D930054EDB1 /* ALGRect.cpp in Sources */ = {isa = PBXBuildFile; fileRef = D3635E8D2AF12D930054EDB1 /* ALGRect.cpp */; };
		D3635E902AF12D930054EDB1 /* ALGRect.hpp in Headers */ = {isa = PBXBuildFile; fileRef = D3635E8E2AF12D930054EDB1 /* ALGRect.hpp */; };
		D3C3A4992AF0C51A0008C8FB /* AutoLayoutGraph.hpp in Headers */ = {isa = PBXBuildFile; fileRef = D3C3A4982AF0C51A0008C8FB /* AutoLayoutGraph.hpp */; };
		D3C3A4AA2AF0C5570008C8FB /* ALGNode.cpp in Sources */ = {isa = PBXBuildFile; fileRef = D3C3A4A82AF0C5570008C8FB /* ALGNode.cpp */; };
		D3C3A4AB2AF0C5570008C8FB /* ALGNode.hpp in Headers */ = {isa = PBXBuildFile; fileRef = D3C3A4A92AF0C5570008C8FB /* ALGNode.hpp */; };
		D3C3A4AF2AF0C7760008C8FB /* ALGPoint.cpp in Sources */ = {isa = PBXBuildFile; fileRef = D3C3A4AD2AF0C7760008C8FB /* ALGPoint.cpp */; };
		D3C3A4B02AF0C7760008C8FB /* ALGPoint.hpp in Headers */ = {isa = PBXBuildFile; fileRef = D3C3A4AE2AF0C7760008C8FB /* ALGPoint.hpp */; };
		D3C3A4B32AF0D1ED0008C8FB /* ALGGroupNode.cpp in Sources */ = {isa = PBXBuildFile; fileRef = D3C3A4B12AF0D1ED0008C8FB /* ALGGroupNode.cpp */; };
		D3C3A4B42AF0D1ED0008C8FB /* ALGGroupNode.hpp in Headers */ = {isa = PBXBuildFile; fileRef = D3C3A4B22AF0D1ED0008C8FB /* ALGGroupNode.hpp */; };
		D3C3A4B72AF0D3280008C8FB /* ALGNodeSection.cpp in Sources */ = {isa = PBXBuildFile; fileRef = D3C3A4B52AF0D3280008C8FB /* ALGNodeSection.cpp */; };
		D3C3A4B82AF0D3280008C8FB /* ALGNodeSection.hpp in Headers */ = {isa = PBXBuildFile; fileRef = D3C3A4B62AF0D3280008C8FB /* ALGNodeSection.hpp */; };
		D3C3A4BB2AF0D47D0008C8FB /* ALGItemNode.cpp in Sources */ = {isa = PBXBuildFile; fileRef = D3C3A4B92AF0D47D0008C8FB /* ALGItemNode.cpp */; };
		D3C3A4BC2AF0D47D0008C8FB /* ALGItemNode.hpp in Headers */ = {isa = PBXBuildFile; fileRef = D3C3A4BA2AF0D47D0008C8FB /* ALGItemNode.hpp */; };
		D3EBABB22AF4C8CD002DDD05 /* Append.hpp in Headers */ = {isa = PBXBuildFile; fileRef = D3EBABB02AF4C8CD002DDD05 /* Append.hpp */; };
		D3EBABB62AF4D0AA002DDD05 /* First.hpp in Headers */ = {isa = PBXBuildFile; fileRef = D3EBABB42AF4D0AA002DDD05 /* First.hpp */; };
		D3EBABBA2AF50167002DDD05 /* ALGPosition.cpp in Sources */ = {isa = PBXBuildFile; fileRef = D3EBABB82AF50167002DDD05 /* ALGPosition.cpp */; };
		D3EBABBB2AF50167002DDD05 /* ALGPosition.hpp in Headers */ = {isa = PBXBuildFile; fileRef = D3EBABB92AF50167002DDD05 /* ALGPosition.hpp */; };
		D3EBABBF2AF515BA002DDD05 /* AutoLayoutGraph.cpp in Sources */ = {isa = PBXBuildFile; fileRef = D3EBABBE2AF515BA002DDD05 /* AutoLayoutGraph.cpp */; };
/* End PBXBuildFile section */

/* Begin PBXFileReference section */
		D31FF74E2AF206EC0038626C /* Remove.hpp */ = {isa = PBXFileReference; fileEncoding = 4; lastKnownFileType = sourcecode.cpp.h; path = Remove.hpp; sourceTree = "<group>"; };
		D31FF7512AF20A750038626C /* ALGWire.cpp */ = {isa = PBXFileReference; lastKnownFileType = sourcecode.cpp.cpp; path = ALGWire.cpp; sourceTree = "<group>"; };
		D31FF7522AF20A750038626C /* ALGWire.hpp */ = {isa = PBXFileReference; lastKnownFileType = sourcecode.cpp.h; path = ALGWire.hpp; sourceTree = "<group>"; };
		D31FF7562AF20AFF0038626C /* ALGPositionState.hpp */ = {isa = PBXFileReference; lastKnownFileType = sourcecode.cpp.h; path = ALGPositionState.hpp; sourceTree = "<group>"; };
		D31FF75A2AF20D680038626C /* Contains.hpp */ = {isa = PBXFileReference; lastKnownFileType = sourcecode.cpp.h; path = Contains.hpp; sourceTree = "<group>"; };
		D31FF75E2AF20E8B0038626C /* Equal.hpp */ = {isa = PBXFileReference; lastKnownFileType = sourcecode.cpp.h; path = Equal.hpp; sourceTree = "<group>"; };
		D3635E852AF1243B0054EDB1 /* ALGSize.cpp */ = {isa = PBXFileReference; lastKnownFileType = sourcecode.cpp.cpp; path = ALGSize.cpp; sourceTree = "<group>"; };
		D3635E862AF1243B0054EDB1 /* ALGSize.hpp */ = {isa = PBXFileReference; lastKnownFileType = sourcecode.cpp.h; path = ALGSize.hpp; sourceTree = "<group>"; };
		D3635E892AF127C20054EDB1 /* ALGLayout.cpp */ = {isa = PBXFileReference; lastKnownFileType = sourcecode.cpp.cpp; path = ALGLayout.cpp; sourceTree = "<group>"; };
		D3635E8A2AF127C20054EDB1 /* ALGLayout.hpp */ = {isa = PBXFileReference; lastKnownFileType = sourcecode.cpp.h; path = ALGLayout.hpp; sourceTree = "<group>"; };
		D3635E8D2AF12D930054EDB1 /* ALGRect.cpp */ = {isa = PBXFileReference; lastKnownFileType = sourcecode.cpp.cpp; path = ALGRect.cpp; sourceTree = "<group>"; };
		D3635E8E2AF12D930054EDB1 /* ALGRect.hpp */ = {isa = PBXFileReference; lastKnownFileType = sourcecode.cpp.h; path = ALGRect.hpp; sourceTree = "<group>"; };
		D3C3A4952AF0C51A0008C8FB /* libAutoLayoutGraph.dylib */ = {isa = PBXFileReference; explicitFileType = "compiled.mach-o.dylib"; includeInIndex = 0; path = libAutoLayoutGraph.dylib; sourceTree = BUILT_PRODUCTS_DIR; };
		D3C3A4982AF0C51A0008C8FB /* AutoLayoutGraph.hpp */ = {isa = PBXFileReference; lastKnownFileType = sourcecode.cpp.h; path = AutoLayoutGraph.hpp; sourceTree = "<group>"; };
		D3C3A4A82AF0C5570008C8FB /* ALGNode.cpp */ = {isa = PBXFileReference; fileEncoding = 4; lastKnownFileType = sourcecode.cpp.cpp; path = ALGNode.cpp; sourceTree = "<group>"; };
		D3C3A4A92AF0C5570008C8FB /* ALGNode.hpp */ = {isa = PBXFileReference; fileEncoding = 4; lastKnownFileType = sourcecode.cpp.h; path = ALGNode.hpp; sourceTree = "<group>"; };
		D3C3A4AD2AF0C7760008C8FB /* ALGPoint.cpp */ = {isa = PBXFileReference; lastKnownFileType = sourcecode.cpp.cpp; path = ALGPoint.cpp; sourceTree = "<group>"; };
		D3C3A4AE2AF0C7760008C8FB /* ALGPoint.hpp */ = {isa = PBXFileReference; lastKnownFileType = sourcecode.cpp.h; path = ALGPoint.hpp; sourceTree = "<group>"; };
		D3C3A4B12AF0D1ED0008C8FB /* ALGGroupNode.cpp */ = {isa = PBXFileReference; lastKnownFileType = sourcecode.cpp.cpp; path = ALGGroupNode.cpp; sourceTree = "<group>"; };
		D3C3A4B22AF0D1ED0008C8FB /* ALGGroupNode.hpp */ = {isa = PBXFileReference; lastKnownFileType = sourcecode.cpp.h; path = ALGGroupNode.hpp; sourceTree = "<group>"; };
		D3C3A4B52AF0D3280008C8FB /* ALGNodeSection.cpp */ = {isa = PBXFileReference; lastKnownFileType = sourcecode.cpp.cpp; path = ALGNodeSection.cpp; sourceTree = "<group>"; };
		D3C3A4B62AF0D3280008C8FB /* ALGNodeSection.hpp */ = {isa = PBXFileReference; lastKnownFileType = sourcecode.cpp.h; path = ALGNodeSection.hpp; sourceTree = "<group>"; };
		D3C3A4B92AF0D47D0008C8FB /* ALGItemNode.cpp */ = {isa = PBXFileReference; lastKnownFileType = sourcecode.cpp.cpp; path = ALGItemNode.cpp; sourceTree = "<group>"; };
		D3C3A4BA2AF0D47D0008C8FB /* ALGItemNode.hpp */ = {isa = PBXFileReference; lastKnownFileType = sourcecode.cpp.h; path = ALGItemNode.hpp; sourceTree = "<group>"; };
		D3EBABB02AF4C8CD002DDD05 /* Append.hpp */ = {isa = PBXFileReference; lastKnownFileType = sourcecode.cpp.h; path = Append.hpp; sourceTree = "<group>"; };
		D3EBABB42AF4D0AA002DDD05 /* First.hpp */ = {isa = PBXFileReference; lastKnownFileType = sourcecode.cpp.h; path = First.hpp; sourceTree = "<group>"; };
		D3EBABB82AF50167002DDD05 /* ALGPosition.cpp */ = {isa = PBXFileReference; lastKnownFileType = sourcecode.cpp.cpp; path = ALGPosition.cpp; sourceTree = "<group>"; };
		D3EBABB92AF50167002DDD05 /* ALGPosition.hpp */ = {isa = PBXFileReference; lastKnownFileType = sourcecode.cpp.h; path = ALGPosition.hpp; sourceTree = "<group>"; };
		D3EBABBE2AF515BA002DDD05 /* AutoLayoutGraph.cpp */ = {isa = PBXFileReference; lastKnownFileType = sourcecode.cpp.cpp; path = AutoLayoutGraph.cpp; sourceTree = "<group>"; };
/* End PBXFileReference section */

/* Begin PBXFrameworksBuildPhase section */
		D3C3A4932AF0C51A0008C8FB /* Frameworks */ = {
			isa = PBXFrameworksBuildPhase;
			buildActionMask = 2147483647;
			files = (
			);
			runOnlyForDeploymentPostprocessing = 0;
		};
/* End PBXFrameworksBuildPhase section */

/* Begin PBXGroup section */
		D31FF7472AF206850038626C /* Helpers */ = {
			isa = PBXGroup;
			children = (
				D31FF74E2AF206EC0038626C /* Remove.hpp */,
				D31FF75A2AF20D680038626C /* Contains.hpp */,
				D31FF75E2AF20E8B0038626C /* Equal.hpp */,
				D3EBABB02AF4C8CD002DDD05 /* Append.hpp */,
				D3EBABB42AF4D0AA002DDD05 /* First.hpp */,
			);
			path = Helpers;
			sourceTree = "<group>";
		};
		D31FF7502AF20A620038626C /* Wires */ = {
			isa = PBXGroup;
			children = (
				D31FF7512AF20A750038626C /* ALGWire.cpp */,
				D31FF7522AF20A750038626C /* ALGWire.hpp */,
			);
			path = Wires;
			sourceTree = "<group>";
		};
		D3C3A48C2AF0C51A0008C8FB = {
			isa = PBXGroup;
			children = (
				D3C3A4972AF0C51A0008C8FB /* AutoLayoutGraph */,
				D3C3A4962AF0C51A0008C8FB /* Products */,
			);
			sourceTree = "<group>";
		};
		D3C3A4962AF0C51A0008C8FB /* Products */ = {
			isa = PBXGroup;
			children = (
				D3C3A4952AF0C51A0008C8FB /* libAutoLayoutGraph.dylib */,
			);
			name = Products;
			sourceTree = "<group>";
		};
		D3C3A4972AF0C51A0008C8FB /* AutoLayoutGraph */ = {
			isa = PBXGroup;
			children = (
				D3C3A4982AF0C51A0008C8FB /* AutoLayoutGraph.hpp */,
				D3EBABBE2AF515BA002DDD05 /* AutoLayoutGraph.cpp */,
				D3C3A4A72AF0C5570008C8FB /* Nodes */,
				D31FF7502AF20A620038626C /* Wires */,
				D3C3A4AC2AF0C75F0008C8FB /* Layout */,
				D31FF7472AF206850038626C /* Helpers */,
			);
			path = AutoLayoutGraph;
			sourceTree = "<group>";
		};
		D3C3A4A72AF0C5570008C8FB /* Nodes */ = {
			isa = PBXGroup;
			children = (
				D3C3A4A82AF0C5570008C8FB /* ALGNode.cpp */,
				D3C3A4A92AF0C5570008C8FB /* ALGNode.hpp */,
				D3C3A4B92AF0D47D0008C8FB /* ALGItemNode.cpp */,
				D3C3A4BA2AF0D47D0008C8FB /* ALGItemNode.hpp */,
				D3C3A4B52AF0D3280008C8FB /* ALGNodeSection.cpp */,
				D3C3A4B62AF0D3280008C8FB /* ALGNodeSection.hpp */,
				D3C3A4B12AF0D1ED0008C8FB /* ALGGroupNode.cpp */,
				D3C3A4B22AF0D1ED0008C8FB /* ALGGroupNode.hpp */,
			);
			path = Nodes;
			sourceTree = "<group>";
		};
		D3C3A4AC2AF0C75F0008C8FB /* Layout */ = {
			isa = PBXGroup;
			children = (
				D3635E892AF127C20054EDB1 /* ALGLayout.cpp */,
				D3635E8A2AF127C20054EDB1 /* ALGLayout.hpp */,
				D3EBABBC2AF501B6002DDD05 /* Position */,
				D3EBABBD2AF5025A002DDD05 /* Types */,
			);
			path = Layout;
			sourceTree = "<group>";
		};
		D3EBABBC2AF501B6002DDD05 /* Position */ = {
			isa = PBXGroup;
			children = (
				D3EBABB82AF50167002DDD05 /* ALGPosition.cpp */,
				D3EBABB92AF50167002DDD05 /* ALGPosition.hpp */,
				D31FF7562AF20AFF0038626C /* ALGPositionState.hpp */,
			);
			path = Position;
			sourceTree = "<group>";
		};
		D3EBABBD2AF5025A002DDD05 /* Types */ = {
			isa = PBXGroup;
			children = (
				D3C3A4AD2AF0C7760008C8FB /* ALGPoint.cpp */,
				D3C3A4AE2AF0C7760008C8FB /* ALGPoint.hpp */,
				D3635E852AF1243B0054EDB1 /* ALGSize.cpp */,
				D3635E862AF1243B0054EDB1 /* ALGSize.hpp */,
				D3635E8D2AF12D930054EDB1 /* ALGRect.cpp */,
				D3635E8E2AF12D930054EDB1 /* ALGRect.hpp */,
			);
			path = Types;
			sourceTree = "<group>";
		};
/* End PBXGroup section */

/* Begin PBXHeadersBuildPhase section */
		D3C3A4912AF0C51A0008C8FB /* Headers */ = {
			isa = PBXHeadersBuildPhase;
			buildActionMask = 2147483647;
			files = (
				D31FF7582AF20AFF0038626C /* ALGPositionState.hpp in Headers */,
				D31FF7542AF20A750038626C /* ALGWire.hpp in Headers */,
				D31FF74F2AF206EC0038626C /* Remove.hpp in Headers */,
				D3635E8C2AF127C20054EDB1 /* ALGLayout.hpp in Headers */,
				D3635E882AF1243B0054EDB1 /* ALGSize.hpp in Headers */,
				D3C3A4B02AF0C7760008C8FB /* ALGPoint.hpp in Headers */,
				D3C3A4B82AF0D3280008C8FB /* ALGNodeSection.hpp in Headers */,
				D3EBABB62AF4D0AA002DDD05 /* First.hpp in Headers */,
				D3EBABBB2AF50167002DDD05 /* ALGPosition.hpp in Headers */,
				D3C3A4992AF0C51A0008C8FB /* AutoLayoutGraph.hpp in Headers */,
				D3635E902AF12D930054EDB1 /* ALGRect.hpp in Headers */,
				D31FF7602AF20E8B0038626C /* Equal.hpp in Headers */,
				D3C3A4AB2AF0C5570008C8FB /* ALGNode.hpp in Headers */,
				D3C3A4B42AF0D1ED0008C8FB /* ALGGroupNode.hpp in Headers */,
				D3EBABB22AF4C8CD002DDD05 /* Append.hpp in Headers */,
				D3C3A4BC2AF0D47D0008C8FB /* ALGItemNode.hpp in Headers */,
				D31FF75C2AF20D680038626C /* Contains.hpp in Headers */,
			);
			runOnlyForDeploymentPostprocessing = 0;
		};
/* End PBXHeadersBuildPhase section */

/* Begin PBXNativeTarget section */
		D3C3A4942AF0C51A0008C8FB /* AutoLayoutGraph */ = {
			isa = PBXNativeTarget;
			buildConfigurationList = D3C3A4A02AF0C51A0008C8FB /* Build configuration list for PBXNativeTarget "AutoLayoutGraph" */;
			buildPhases = (
				D3C3A4912AF0C51A0008C8FB /* Headers */,
				D3C3A4922AF0C51A0008C8FB /* Sources */,
				D3C3A4932AF0C51A0008C8FB /* Frameworks */,
			);
			buildRules = (
			);
			dependencies = (
			);
			name = AutoLayoutGraph;
			productName = AutoLayoutGraph;
			productReference = D3C3A4952AF0C51A0008C8FB /* libAutoLayoutGraph.dylib */;
			productType = "com.apple.product-type.library.dynamic";
		};
/* End PBXNativeTarget section */

/* Begin PBXProject section */
		D3C3A48D2AF0C51A0008C8FB /* Project object */ = {
			isa = PBXProject;
			attributes = {
				BuildIndependentTargetsInParallel = 1;
				LastUpgradeCheck = 1510;
				TargetAttributes = {
					D3C3A4942AF0C51A0008C8FB = {
						CreatedOnToolsVersion = 15.1;
					};
				};
			};
			buildConfigurationList = D3C3A4902AF0C51A0008C8FB /* Build configuration list for PBXProject "AutoLayoutGraph" */;
			compatibilityVersion = "Xcode 14.0";
			developmentRegion = en;
			hasScannedForEncodings = 0;
			knownRegions = (
				en,
				Base,
			);
			mainGroup = D3C3A48C2AF0C51A0008C8FB;
			productRefGroup = D3C3A4962AF0C51A0008C8FB /* Products */;
			projectDirPath = "";
			projectRoot = "";
			targets = (
				D3C3A4942AF0C51A0008C8FB /* AutoLayoutGraph */,
			);
		};
/* End PBXProject section */

/* Begin PBXSourcesBuildPhase section */
		D3C3A4922AF0C51A0008C8FB /* Sources */ = {
			isa = PBXSourcesBuildPhase;
			buildActionMask = 2147483647;
			files = (
				D31FF7532AF20A750038626C /* ALGWire.cpp in Sources */,
				D3635E8B2AF127C20054EDB1 /* ALGLayout.cpp in Sources */,
				D3C3A4B32AF0D1ED0008C8FB /* ALGGroupNode.cpp in Sources */,
				D3C3A4AA2AF0C5570008C8FB /* ALGNode.cpp in Sources */,
				D3C3A4AF2AF0C7760008C8FB /* ALGPoint.cpp in Sources */,
				D3635E8F2AF12D930054EDB1 /* ALGRect.cpp in Sources */,
				D3C3A4BB2AF0D47D0008C8FB /* ALGItemNode.cpp in Sources */,
				D3C3A4B72AF0D3280008C8FB /* ALGNodeSection.cpp in Sources */,
				D3EBABBF2AF515BA002DDD05 /* AutoLayoutGraph.cpp in Sources */,
				D3635E872AF1243B0054EDB1 /* ALGSize.cpp in Sources */,
				D3EBABBA2AF50167002DDD05 /* ALGPosition.cpp in Sources */,
			);
			runOnlyForDeploymentPostprocessing = 0;
		};
/* End PBXSourcesBuildPhase section */

/* Begin XCBuildConfiguration section */
		D3C3A49E2AF0C51A0008C8FB /* Debug */ = {
			isa = XCBuildConfiguration;
			buildSettings = {
				ALWAYS_SEARCH_USER_PATHS = NO;
				ASSETCATALOG_COMPILER_GENERATE_SWIFT_ASSET_SYMBOL_EXTENSIONS = YES;
				CLANG_ANALYZER_NONNULL = YES;
				CLANG_ANALYZER_NUMBER_OBJECT_CONVERSION = YES_AGGRESSIVE;
				CLANG_CXX_LANGUAGE_STANDARD = "gnu++20";
				CLANG_ENABLE_MODULES = YES;
				CLANG_ENABLE_OBJC_ARC = YES;
				CLANG_ENABLE_OBJC_WEAK = YES;
				CLANG_WARN_BLOCK_CAPTURE_AUTORELEASING = YES;
				CLANG_WARN_BOOL_CONVERSION = YES;
				CLANG_WARN_COMMA = YES;
				CLANG_WARN_CONSTANT_CONVERSION = YES;
				CLANG_WARN_DEPRECATED_OBJC_IMPLEMENTATIONS = YES;
				CLANG_WARN_DIRECT_OBJC_ISA_USAGE = YES_ERROR;
				CLANG_WARN_DOCUMENTATION_COMMENTS = YES;
				CLANG_WARN_EMPTY_BODY = YES;
				CLANG_WARN_ENUM_CONVERSION = YES;
				CLANG_WARN_INFINITE_RECURSION = YES;
				CLANG_WARN_INT_CONVERSION = YES;
				CLANG_WARN_NON_LITERAL_NULL_CONVERSION = YES;
				CLANG_WARN_OBJC_IMPLICIT_RETAIN_SELF = YES;
				CLANG_WARN_OBJC_LITERAL_CONVERSION = YES;
				CLANG_WARN_OBJC_ROOT_CLASS = YES_ERROR;
				CLANG_WARN_QUOTED_INCLUDE_IN_FRAMEWORK_HEADER = YES;
				CLANG_WARN_RANGE_LOOP_ANALYSIS = YES;
				CLANG_WARN_STRICT_PROTOTYPES = YES;
				CLANG_WARN_SUSPICIOUS_MOVE = YES;
				CLANG_WARN_UNGUARDED_AVAILABILITY = YES_AGGRESSIVE;
				CLANG_WARN_UNREACHABLE_CODE = YES;
				CLANG_WARN__DUPLICATE_METHOD_MATCH = YES;
				COPY_PHASE_STRIP = NO;
				DEBUG_INFORMATION_FORMAT = dwarf;
				ENABLE_STRICT_OBJC_MSGSEND = YES;
				ENABLE_TESTABILITY = YES;
				ENABLE_USER_SCRIPT_SANDBOXING = YES;
				GCC_C_LANGUAGE_STANDARD = gnu17;
				GCC_DYNAMIC_NO_PIC = NO;
				GCC_NO_COMMON_BLOCKS = YES;
				GCC_OPTIMIZATION_LEVEL = 0;
				GCC_PREPROCESSOR_DEFINITIONS = (
					"DEBUG=1",
					"$(inherited)",
				);
				GCC_WARN_64_TO_32_BIT_CONVERSION = YES;
				GCC_WARN_ABOUT_RETURN_TYPE = YES_ERROR;
				GCC_WARN_UNDECLARED_SELECTOR = YES;
				GCC_WARN_UNINITIALIZED_AUTOS = YES_AGGRESSIVE;
				GCC_WARN_UNUSED_FUNCTION = YES;
				GCC_WARN_UNUSED_VARIABLE = YES;
				LOCALIZATION_PREFERS_STRING_CATALOGS = YES;
				MACOSX_DEPLOYMENT_TARGET = 13.6;
				MTL_ENABLE_DEBUG_INFO = INCLUDE_SOURCE;
				MTL_FAST_MATH = YES;
				ONLY_ACTIVE_ARCH = YES;
				SDKROOT = macosx;
			};
			name = Debug;
		};
		D3C3A49F2AF0C51A0008C8FB /* Release */ = {
			isa = XCBuildConfiguration;
			buildSettings = {
				ALWAYS_SEARCH_USER_PATHS = NO;
				ASSETCATALOG_COMPILER_GENERATE_SWIFT_ASSET_SYMBOL_EXTENSIONS = YES;
				CLANG_ANALYZER_NONNULL = YES;
				CLANG_ANALYZER_NUMBER_OBJECT_CONVERSION = YES_AGGRESSIVE;
				CLANG_CXX_LANGUAGE_STANDARD = "gnu++20";
				CLANG_ENABLE_MODULES = YES;
				CLANG_ENABLE_OBJC_ARC = YES;
				CLANG_ENABLE_OBJC_WEAK = YES;
				CLANG_WARN_BLOCK_CAPTURE_AUTORELEASING = YES;
				CLANG_WARN_BOOL_CONVERSION = YES;
				CLANG_WARN_COMMA = YES;
				CLANG_WARN_CONSTANT_CONVERSION = YES;
				CLANG_WARN_DEPRECATED_OBJC_IMPLEMENTATIONS = YES;
				CLANG_WARN_DIRECT_OBJC_ISA_USAGE = YES_ERROR;
				CLANG_WARN_DOCUMENTATION_COMMENTS = YES;
				CLANG_WARN_EMPTY_BODY = YES;
				CLANG_WARN_ENUM_CONVERSION = YES;
				CLANG_WARN_INFINITE_RECURSION = YES;
				CLANG_WARN_INT_CONVERSION = YES;
				CLANG_WARN_NON_LITERAL_NULL_CONVERSION = YES;
				CLANG_WARN_OBJC_IMPLICIT_RETAIN_SELF = YES;
				CLANG_WARN_OBJC_LITERAL_CONVERSION = YES;
				CLANG_WARN_OBJC_ROOT_CLASS = YES_ERROR;
				CLANG_WARN_QUOTED_INCLUDE_IN_FRAMEWORK_HEADER = YES;
				CLANG_WARN_RANGE_LOOP_ANALYSIS = YES;
				CLANG_WARN_STRICT_PROTOTYPES = YES;
				CLANG_WARN_SUSPICIOUS_MOVE = YES;
				CLANG_WARN_UNGUARDED_AVAILABILITY = YES_AGGRESSIVE;
				CLANG_WARN_UNREACHABLE_CODE = YES;
				CLANG_WARN__DUPLICATE_METHOD_MATCH = YES;
				COPY_PHASE_STRIP = NO;
				DEBUG_INFORMATION_FORMAT = "dwarf-with-dsym";
				ENABLE_NS_ASSERTIONS = NO;
				ENABLE_STRICT_OBJC_MSGSEND = YES;
				ENABLE_USER_SCRIPT_SANDBOXING = YES;
				GCC_C_LANGUAGE_STANDARD = gnu17;
				GCC_NO_COMMON_BLOCKS = YES;
				GCC_WARN_64_TO_32_BIT_CONVERSION = YES;
				GCC_WARN_ABOUT_RETURN_TYPE = YES_ERROR;
				GCC_WARN_UNDECLARED_SELECTOR = YES;
				GCC_WARN_UNINITIALIZED_AUTOS = YES_AGGRESSIVE;
				GCC_WARN_UNUSED_FUNCTION = YES;
				GCC_WARN_UNUSED_VARIABLE = YES;
				LOCALIZATION_PREFERS_STRING_CATALOGS = YES;
				MACOSX_DEPLOYMENT_TARGET = 13.6;
				MTL_ENABLE_DEBUG_INFO = NO;
				MTL_FAST_MATH = YES;
				SDKROOT = macosx;
			};
			name = Release;
		};
		D3C3A4A12AF0C51A0008C8FB /* Debug */ = {
			isa = XCBuildConfiguration;
			buildSettings = {
				CODE_SIGN_STYLE = Automatic;
				DEVELOPMENT_TEAM = 2QHTY6FMW2;
				DYLIB_COMPATIBILITY_VERSION = 1;
				DYLIB_CURRENT_VERSION = 1;
				EXECUTABLE_PREFIX = lib;
				GCC_ENABLE_CPP_EXCEPTIONS = YES;
				GCC_ENABLE_CPP_RTTI = YES;
				GCC_SYMBOLS_PRIVATE_EXTERN = YES;
				PRODUCT_NAME = "$(TARGET_NAME)";
				SKIP_INSTALL = YES;
			};
			name = Debug;
		};
		D3C3A4A22AF0C51A0008C8FB /* Release */ = {
			isa = XCBuildConfiguration;
			buildSettings = {
				CODE_SIGN_STYLE = Automatic;
				DEVELOPMENT_TEAM = 2QHTY6FMW2;
				DYLIB_COMPATIBILITY_VERSION = 1;
				DYLIB_CURRENT_VERSION = 1;
				EXECUTABLE_PREFIX = lib;
				GCC_ENABLE_CPP_EXCEPTIONS = YES;
				GCC_ENABLE_CPP_RTTI = YES;
				GCC_SYMBOLS_PRIVATE_EXTERN = YES;
				PRODUCT_NAME = "$(TARGET_NAME)";
				SKIP_INSTALL = YES;
			};
			name = Release;
		};
/* End XCBuildConfiguration section */

/* Begin XCConfigurationList section */
		D3C3A4902AF0C51A0008C8FB /* Build configuration list for PBXProject "AutoLayoutGraph" */ = {
			isa = XCConfigurationList;
			buildConfigurations = (
				D3C3A49E2AF0C51A0008C8FB /* Debug */,
				D3C3A49F2AF0C51A0008C8FB /* Release */,
			);
			defaultConfigurationIsVisible = 0;
			defaultConfigurationName = Release;
		};
		D3C3A4A02AF0C51A0008C8FB /* Build configuration list for PBXNativeTarget "AutoLayoutGraph" */ = {
			isa = XCConfigurationList;
			buildConfigurations = (
				D3C3A4A12AF0C51A0008C8FB /* Debug */,
				D3C3A4A22AF0C51A0008C8FB /* Release */,
			);
			defaultConfigurationIsVisible = 0;
			defaultConfigurationName = Release;
		};
/* End XCConfigurationList section */
	};
	rootObject = D3C3A48D2AF0C51A0008C8FB /* Project object */;
}
